
Microsoft Visual Studio Solution File, Format Version 12.00
# Visual Studio Version 16
VisualStudioVersion = 16.0.32002.261
MinimumVisualStudioVersion = 10.0.40219.1
Project("{FAE04EC0-301F-11D3-BF4B-00C04F79EFBC}") = "InAndOut", "InAndOut.csproj", "{5F40F61C-3914-49D7-8A9F-1D38A37ABACA}"
EndProject
Global
	GlobalSection(SolutionConfigurationPlatforms) = preSolution
		Debug|Any CPU = Debug|Any CPU
		Release|Any CPU = Release|Any CPU
	EndGlobalSection
	GlobalSection(ProjectConfigurationPlatforms) = postSolution
		{5F40F61C-3914-49D7-8A9F-1D38A37ABACA}.Debug|Any CPU.ActiveCfg = Debug|Any CPU
		{5F40F61C-3914-49D7-8A9F-1D38A37ABACA}.Debug|Any CPU.Build.0 = Debug|Any CPU
		{5F40F61C-3914-49D7-8A9F-1D38A37ABACA}.Release|Any CPU.ActiveCfg = Release|Any CPU
		{5F40F61C-3914-49D7-8A9F-1D38A37ABACA}.Release|Any CPU.Build.0 = Release|Any CPU
	EndGlobalSection
	GlobalSection(SolutionProperties) = preSolution
		HideSolutionNode = FALSE
	EndGlobalSection
	GlobalSection(ExtensibilityGlobals) = postSolution
		SolutionGuid = {5A026286-DFBE-4928-A0B8-67D475356090}
	EndGlobalSection
EndGlobal
